
Microsoft Visual Studio Solution File, Format Version 12.00
# Visual Studio Version 17
VisualStudioVersion = 17.7.34031.279
MinimumVisualStudioVersion = 10.0.40219.1
Project("{9A19103F-16F7-4668-BE54-9A1E7A4F7556}") = "Лаб1", "Лаб1\Лаб1.csproj", "{D9450B04-CC76-4C01-999F-6AF6666136EE}"
EndProject
Project("{9A19103F-16F7-4668-BE54-9A1E7A4F7556}") = "Library", "Library\Library.csproj", "{1AB6E109-5929-4B7E-A0EE-5A97C2AFE316}"
EndProject
Project("{9A19103F-16F7-4668-BE54-9A1E7A4F7556}") = "Лаб2", "Лаб2\Лаб2.csproj", "{3F98DE6E-3283-442C-B0F8-FADE7CCF4EC8}"
EndProject
Project("{9A19103F-16F7-4668-BE54-9A1E7A4F7556}") = "Лаб3", "Лаб3\Лаб3.csproj", "{7A310932-F7BA-458A-86D4-E03317D7E295}"
EndProject
Project("{9A19103F-16F7-4668-BE54-9A1E7A4F7556}") = "Лаб4", "Лаб4\Лаб4.csproj", "{F4E6CC69-5F2D-450B-A9F5-EA0B8C4F66B1}"
EndProject
Global
	GlobalSection(SolutionConfigurationPlatforms) = preSolution
		Debug|Any CPU = Debug|Any CPU
		Release|Any CPU = Release|Any CPU
	EndGlobalSection
	GlobalSection(ProjectConfigurationPlatforms) = postSolution
		{D9450B04-CC76-4C01-999F-6AF6666136EE}.Debug|Any CPU.ActiveCfg = Debug|Any CPU
		{D9450B04-CC76-4C01-999F-6AF6666136EE}.Debug|Any CPU.Build.0 = Debug|Any CPU
		{D9450B04-CC76-4C01-999F-6AF6666136EE}.Release|Any CPU.ActiveCfg = Release|Any CPU
		{D9450B04-CC76-4C01-999F-6AF6666136EE}.Release|Any CPU.Build.0 = Release|Any CPU
		{1AB6E109-5929-4B7E-A0EE-5A97C2AFE316}.Debug|Any CPU.ActiveCfg = Debug|Any CPU
		{1AB6E109-5929-4B7E-A0EE-5A97C2AFE316}.Debug|Any CPU.Build.0 = Debug|Any CPU
		{1AB6E109-5929-4B7E-A0EE-5A97C2AFE316}.Release|Any CPU.ActiveCfg = Release|Any CPU
		{1AB6E109-5929-4B7E-A0EE-5A97C2AFE316}.Release|Any CPU.Build.0 = Release|Any CPU
		{3F98DE6E-3283-442C-B0F8-FADE7CCF4EC8}.Debug|Any CPU.ActiveCfg = Debug|Any CPU
		{3F98DE6E-3283-442C-B0F8-FADE7CCF4EC8}.Debug|Any CPU.Build.0 = Debug|Any CPU
		{3F98DE6E-3283-442C-B0F8-FADE7CCF4EC8}.Release|Any CPU.ActiveCfg = Release|Any CPU
		{3F98DE6E-3283-442C-B0F8-FADE7CCF4EC8}.Release|Any CPU.Build.0 = Release|Any CPU
		{7A310932-F7BA-458A-86D4-E03317D7E295}.Debug|Any CPU.ActiveCfg = Debug|Any CPU
		{7A310932-F7BA-458A-86D4-E03317D7E295}.Debug|Any CPU.Build.0 = Debug|Any CPU
		{7A310932-F7BA-458A-86D4-E03317D7E295}.Release|Any CPU.ActiveCfg = Release|Any CPU
		{7A310932-F7BA-458A-86D4-E03317D7E295}.Release|Any CPU.Build.0 = Release|Any CPU
		{F4E6CC69-5F2D-450B-A9F5-EA0B8C4F66B1}.Debug|Any CPU.ActiveCfg = Debug|Any CPU
		{F4E6CC69-5F2D-450B-A9F5-EA0B8C4F66B1}.Debug|Any CPU.Build.0 = Debug|Any CPU
		{F4E6CC69-5F2D-450B-A9F5-EA0B8C4F66B1}.Release|Any CPU.ActiveCfg = Release|Any CPU
		{F4E6CC69-5F2D-450B-A9F5-EA0B8C4F66B1}.Release|Any CPU.Build.0 = Release|Any CPU
	EndGlobalSection
	GlobalSection(SolutionProperties) = preSolution
		HideSolutionNode = FALSE
	EndGlobalSection
	GlobalSection(ExtensibilityGlobals) = postSolution
		SolutionGuid = {46230A6E-7269-4C75-87A9-9295EA0B42F1}
	EndGlobalSection
EndGlobal
